
Microsoft Visual Studio Solution File, Format Version 12.00
# Visual Studio Version 17
VisualStudioVersion = 17.10.35122.118
MinimumVisualStudioVersion = 10.0.40219.1
Project("{FAE04EC0-301F-11D3-BF4B-00C04F79EFBC}") = "LinqTolkien", "LinqTolkien\LinqTolkien.csproj", "{A1BBE87C-3BDF-4FF1-941B-54F8ED831EC3}"
EndProject
Global
	GlobalSection(SolutionConfigurationPlatforms) = preSolution
		Debug|Any CPU = Debug|Any CPU
		Release|Any CPU = Release|Any CPU
	EndGlobalSection
	GlobalSection(ProjectConfigurationPlatforms) = postSolution
		{A1BBE87C-3BDF-4FF1-941B-54F8ED831EC3}.Debug|Any CPU.ActiveCfg = Debug|Any CPU
		{A1BBE87C-3BDF-4FF1-941B-54F8ED831EC3}.Debug|Any CPU.Build.0 = Debug|Any CPU
		{A1BBE87C-3BDF-4FF1-941B-54F8ED831EC3}.Release|Any CPU.ActiveCfg = Release|Any CPU
		{A1BBE87C-3BDF-4FF1-941B-54F8ED831EC3}.Release|Any CPU.Build.0 = Release|Any CPU
	EndGlobalSection
	GlobalSection(SolutionProperties) = preSolution
		HideSolutionNode = FALSE
	EndGlobalSection
	GlobalSection(ExtensibilityGlobals) = postSolution
		SolutionGuid = {59023E68-4124-4B7B-A68B-01B3BBBD5A88}
	EndGlobalSection
EndGlobal
